{
  "name": "kfdb",
  "version": "2.0.0",
  "lockfileVersion": 3,
  "requires": true,
  "packages": {
    "": {
      "name": "kfdb",
      "version": "2.0.0",
      "hasInstallScript": true,
      "engines": {
        "node": ">=20.0.0 <21.0.0",
        "npm": ">=10.0.0 <11.0.0"
      }
    }
  }
}
